// !$*UTF8*$!
{
	archiveVersion = 1;
	classes = {
	};
	objectVersion = 50;
	objects = {

/* Begin PBXBuildFile section */
		505CEDF2FE5BCA9D69483AFF /* libPods-TableFoodScreen.a in Frameworks */ = {isa = PBXBuildFile; fileRef = 2108D6AFB2C12A0BD97EFBB9 /* libPods-TableFoodScreen.a */; };
		D51DCEE721ECFCE400C72147 /* Shared.framework in Frameworks */ = {isa = PBXBuildFile; fileRef = D51DCEE621ECFCE400C72147 /* Shared.framework */; };
		D51DCEE921ECFCEE00C72147 /* UtilsPods.framework in Frameworks */ = {isa = PBXBuildFile; fileRef = D51DCEE821ECFCEE00C72147 /* UtilsPods.framework */; };
		D51DCEED21ECFD0800C72147 /* SingleFoodScreen.framework in Frameworks */ = {isa = PBXBuildFile; fileRef = D51DCEEC21ECFD0800C72147 /* SingleFoodScreen.framework */; };
		D5B8493521ECE11900312B6F /* TableFoodScreen.framework in Frameworks */ = {isa = PBXBuildFile; fileRef = D5B8492B21ECE11800312B6F /* TableFoodScreen.framework */; };
		D5B8493A21ECE11900312B6F /* TableFoodScreenTests.swift in Sources */ = {isa = PBXBuildFile; fileRef = D5B8493921ECE11900312B6F /* TableFoodScreenTests.swift */; };
		D5B8493C21ECE11900312B6F /* TableFoodScreen.h in Headers */ = {isa = PBXBuildFile; fileRef = D5B8492E21ECE11800312B6F /* TableFoodScreen.h */; settings = {ATTRIBUTES = (Public, ); }; };
		D5B8494C21ECE15C00312B6F /* MealPresenter.swift in Sources */ = {isa = PBXBuildFile; fileRef = D5B8494721ECE15C00312B6F /* MealPresenter.swift */; };
		D5B8494D21ECE15C00312B6F /* MealPresenterImpl.swift in Sources */ = {isa = PBXBuildFile; fileRef = D5B8494821ECE15C00312B6F /* MealPresenterImpl.swift */; };
		D5B8494E21ECE15C00312B6F /* MealViewController.swift in Sources */ = {isa = PBXBuildFile; fileRef = D5B8494A21ECE15C00312B6F /* MealViewController.swift */; };
		D5B8494F21ECE15C00312B6F /* MealViewcontrollerDelegate.swift in Sources */ = {isa = PBXBuildFile; fileRef = D5B8494B21ECE15C00312B6F /* MealViewcontrollerDelegate.swift */; };
/* End PBXBuildFile section */

/* Begin PBXContainerItemProxy section */
		D5456A3521ECFF02002D8261 /* PBXContainerItemProxy */ = {
			isa = PBXContainerItemProxy;
			containerPortal = D51DCEEA21ECFD0200C72147 /* SingleFoodScreen.xcodeproj */;
			proxyType = 2;
			remoteGlobalIDString = D5B8495D21ECE25A00312B6F;
			remoteInfo = SingleFoodScreen;
		};
		D5456A3721ECFF02002D8261 /* PBXContainerItemProxy */ = {
			isa = PBXContainerItemProxy;
			containerPortal = D51DCEEA21ECFD0200C72147 /* SingleFoodScreen.xcodeproj */;
			proxyType = 2;
			remoteGlobalIDString = D5B8496621ECE25B00312B6F;
			remoteInfo = SingleFoodScreenTests;
		};
		D5B8493621ECE11900312B6F /* PBXContainerItemProxy */ = {
			isa = PBXContainerItemProxy;
			containerPortal = D5B8492221ECE11800312B6F /* Project object */;
			proxyType = 1;
			remoteGlobalIDString = D5B8492A21ECE11800312B6F;
			remoteInfo = TableFoodScreen;
		};
/* End PBXContainerItemProxy section */

/* Begin PBXFileReference section */
		2108D6AFB2C12A0BD97EFBB9 /* libPods-TableFoodScreen.a */ = {isa = PBXFileReference; explicitFileType = archive.ar; includeInIndex = 0; path = "libPods-TableFoodScreen.a"; sourceTree = BUILT_PRODUCTS_DIR; };
		35FCCF9FF2C8F103C6ED0939 /* Pods-TableFoodScreen.release.xcconfig */ = {isa = PBXFileReference; includeInIndex = 1; lastKnownFileType = text.xcconfig; name = "Pods-TableFoodScreen.release.xcconfig"; path = "../Pods/Target Support Files/Pods-TableFoodScreen/Pods-TableFoodScreen.release.xcconfig"; sourceTree = "<group>"; };
		66278C60E8CEBAD815675982 /* Pods-TableFoodScreen.debug.xcconfig */ = {isa = PBXFileReference; includeInIndex = 1; lastKnownFileType = text.xcconfig; name = "Pods-TableFoodScreen.debug.xcconfig"; path = "../Pods/Target Support Files/Pods-TableFoodScreen/Pods-TableFoodScreen.debug.xcconfig"; sourceTree = "<group>"; };
		D51DCEE621ECFCE400C72147 /* Shared.framework */ = {isa = PBXFileReference; explicitFileType = wrapper.framework; path = Shared.framework; sourceTree = BUILT_PRODUCTS_DIR; };
		D51DCEE821ECFCEE00C72147 /* UtilsPods.framework */ = {isa = PBXFileReference; explicitFileType = wrapper.framework; path = UtilsPods.framework; sourceTree = BUILT_PRODUCTS_DIR; };
		D51DCEEA21ECFD0200C72147 /* SingleFoodScreen.xcodeproj */ = {isa = PBXFileReference; lastKnownFileType = "wrapper.pb-project"; name = SingleFoodScreen.xcodeproj; path = ../SingleFoodScreen/SingleFoodScreen.xcodeproj; sourceTree = "<group>"; };
		D51DCEEC21ECFD0800C72147 /* SingleFoodScreen.framework */ = {isa = PBXFileReference; explicitFileType = wrapper.framework; path = SingleFoodScreen.framework; sourceTree = BUILT_PRODUCTS_DIR; };
		D5B8492B21ECE11800312B6F /* TableFoodScreen.framework */ = {isa = PBXFileReference; explicitFileType = wrapper.framework; includeInIndex = 0; path = TableFoodScreen.framework; sourceTree = BUILT_PRODUCTS_DIR; };
		D5B8492E21ECE11800312B6F /* TableFoodScreen.h */ = {isa = PBXFileReference; lastKnownFileType = sourcecode.c.h; path = TableFoodScreen.h; sourceTree = "<group>"; };
		D5B8492F21ECE11800312B6F /* Info.plist */ = {isa = PBXFileReference; lastKnownFileType = text.plist.xml; path = Info.plist; sourceTree = "<group>"; };
		D5B8493421ECE11900312B6F /* TableFoodScreenTests.xctest */ = {isa = PBXFileReference; explicitFileType = wrapper.cfbundle; includeInIndex = 0; path = TableFoodScreenTests.xctest; sourceTree = BUILT_PRODUCTS_DIR; };
		D5B8493921ECE11900312B6F /* TableFoodScreenTests.swift */ = {isa = PBXFileReference; lastKnownFileType = sourcecode.swift; path = TableFoodScreenTests.swift; sourceTree = "<group>"; };
		D5B8493B21ECE11900312B6F /* Info.plist */ = {isa = PBXFileReference; lastKnownFileType = text.plist.xml; path = Info.plist; sourceTree = "<group>"; };
		D5B8494721ECE15C00312B6F /* MealPresenter.swift */ = {isa = PBXFileReference; fileEncoding = 4; lastKnownFileType = sourcecode.swift; path = MealPresenter.swift; sourceTree = "<group>"; };
		D5B8494821ECE15C00312B6F /* MealPresenterImpl.swift */ = {isa = PBXFileReference; fileEncoding = 4; lastKnownFileType = sourcecode.swift; path = MealPresenterImpl.swift; sourceTree = "<group>"; };
		D5B8494A21ECE15C00312B6F /* MealViewController.swift */ = {isa = PBXFileReference; fileEncoding = 4; lastKnownFileType = sourcecode.swift; path = MealViewController.swift; sourceTree = "<group>"; };
		D5B8494B21ECE15C00312B6F /* MealViewcontrollerDelegate.swift */ = {isa = PBXFileReference; fileEncoding = 4; lastKnownFileType = sourcecode.swift; path = MealViewcontrollerDelegate.swift; sourceTree = "<group>"; };
/* End PBXFileReference section */

/* Begin PBXFrameworksBuildPhase section */
		D5B8492821ECE11800312B6F /* Frameworks */ = {
			isa = PBXFrameworksBuildPhase;
			buildActionMask = 2147483647;
			files = (
				D51DCEED21ECFD0800C72147 /* SingleFoodScreen.framework in Frameworks */,
				505CEDF2FE5BCA9D69483AFF /* libPods-TableFoodScreen.a in Frameworks */,
				D51DCEE921ECFCEE00C72147 /* UtilsPods.framework in Frameworks */,
				D51DCEE721ECFCE400C72147 /* Shared.framework in Frameworks */,
			);
			runOnlyForDeploymentPostprocessing = 0;
		};
		D5B8493121ECE11900312B6F /* Frameworks */ = {
			isa = PBXFrameworksBuildPhase;
			buildActionMask = 2147483647;
			files = (
				D5B8493521ECE11900312B6F /* TableFoodScreen.framework in Frameworks */,
			);
			runOnlyForDeploymentPostprocessing = 0;
		};
/* End PBXFrameworksBuildPhase section */

/* Begin PBXGroup section */
		9A8201C2AD318F8F0F09A378 /* Pods */ = {
			isa = PBXGroup;
			children = (
				66278C60E8CEBAD815675982 /* Pods-TableFoodScreen.debug.xcconfig */,
				35FCCF9FF2C8F103C6ED0939 /* Pods-TableFoodScreen.release.xcconfig */,
			);
			name = Pods;
			sourceTree = "<group>";
		};
		BC4191BCF3AA62BB12FD3E8C /* Frameworks */ = {
			isa = PBXGroup;
			children = (
				2108D6AFB2C12A0BD97EFBB9 /* libPods-TableFoodScreen.a */,
				D51DCEEC21ECFD0800C72147 /* SingleFoodScreen.framework */,
				D51DCEE621ECFCE400C72147 /* Shared.framework */,
				D51DCEE821ECFCEE00C72147 /* UtilsPods.framework */,
				D51DCEEA21ECFD0200C72147 /* SingleFoodScreen.xcodeproj */,
			);
			name = Frameworks;
			sourceTree = "<group>";
		};
		D5456A3121ECFF02002D8261 /* Products */ = {
			isa = PBXGroup;
			children = (
				D5456A3621ECFF02002D8261 /* SingleFoodScreen.framework */,
				D5456A3821ECFF02002D8261 /* SingleFoodScreenTests.xctest */,
			);
			name = Products;
			sourceTree = "<group>";
		};
		D5B8492121ECE11800312B6F = {
			isa = PBXGroup;
			children = (
				D5B8492D21ECE11800312B6F /* TableFoodScreen */,
				D5B8493821ECE11900312B6F /* TableFoodScreenTests */,
				D5B8492C21ECE11800312B6F /* Products */,
				9A8201C2AD318F8F0F09A378 /* Pods */,
				BC4191BCF3AA62BB12FD3E8C /* Frameworks */,
			);
			sourceTree = "<group>";
		};
		D5B8492C21ECE11800312B6F /* Products */ = {
			isa = PBXGroup;
			children = (
				D5B8492B21ECE11800312B6F /* TableFoodScreen.framework */,
				D5B8493421ECE11900312B6F /* TableFoodScreenTests.xctest */,
			);
			name = Products;
			sourceTree = "<group>";
		};
		D5B8492D21ECE11800312B6F /* TableFoodScreen */ = {
			isa = PBXGroup;
			children = (
				D5B8494521ECE15C00312B6F /* Meal */,
				D5B8492E21ECE11800312B6F /* TableFoodScreen.h */,
				D5B8492F21ECE11800312B6F /* Info.plist */,
			);
			path = TableFoodScreen;
			sourceTree = "<group>";
		};
		D5B8493821ECE11900312B6F /* TableFoodScreenTests */ = {
			isa = PBXGroup;
			children = (
				D5B8493921ECE11900312B6F /* TableFoodScreenTests.swift */,
				D5B8493B21ECE11900312B6F /* Info.plist */,
			);
			path = TableFoodScreenTests;
			sourceTree = "<group>";
		};
		D5B8494521ECE15C00312B6F /* Meal */ = {
			isa = PBXGroup;
			children = (
				D5B8494621ECE15C00312B6F /* Presenter */,
				D5B8494921ECE15C00312B6F /* View */,
			);
			path = Meal;
			sourceTree = "<group>";
		};
		D5B8494621ECE15C00312B6F /* Presenter */ = {
			isa = PBXGroup;
			children = (
				D5B8494721ECE15C00312B6F /* MealPresenter.swift */,
				D5B8494821ECE15C00312B6F /* MealPresenterImpl.swift */,
			);
			path = Presenter;
			sourceTree = "<group>";
		};
		D5B8494921ECE15C00312B6F /* View */ = {
			isa = PBXGroup;
			children = (
				D5B8494A21ECE15C00312B6F /* MealViewController.swift */,
				D5B8494B21ECE15C00312B6F /* MealViewcontrollerDelegate.swift */,
			);
			path = View;
			sourceTree = "<group>";
		};
/* End PBXGroup section */

/* Begin PBXHeadersBuildPhase section */
		D5B8492621ECE11800312B6F /* Headers */ = {
			isa = PBXHeadersBuildPhase;
			buildActionMask = 2147483647;
			files = (
				D5B8493C21ECE11900312B6F /* TableFoodScreen.h in Headers */,
			);
			runOnlyForDeploymentPostprocessing = 0;
		};
/* End PBXHeadersBuildPhase section */

/* Begin PBXNativeTarget section */
		D5B8492A21ECE11800312B6F /* TableFoodScreen */ = {
			isa = PBXNativeTarget;
			buildConfigurationList = D5B8493F21ECE11900312B6F /* Build configuration list for PBXNativeTarget "TableFoodScreen" */;
			buildPhases = (
				463604E9F0DC5EDBDED584AC /* [CP] Check Pods Manifest.lock */,
				D5B8492621ECE11800312B6F /* Headers */,
				D5B8492721ECE11800312B6F /* Sources */,
				D5B8492821ECE11800312B6F /* Frameworks */,
				D5B8492921ECE11800312B6F /* Resources */,
			);
			buildRules = (
			);
			dependencies = (
			);
			name = TableFoodScreen;
			productName = TableFoodScreen;
			productReference = D5B8492B21ECE11800312B6F /* TableFoodScreen.framework */;
			productType = "com.apple.product-type.framework";
		};
		D5B8493321ECE11900312B6F /* TableFoodScreenTests */ = {
			isa = PBXNativeTarget;
			buildConfigurationList = D5B8494221ECE11900312B6F /* Build configuration list for PBXNativeTarget "TableFoodScreenTests" */;
			buildPhases = (
				D5B8493021ECE11900312B6F /* Sources */,
				D5B8493121ECE11900312B6F /* Frameworks */,
				D5B8493221ECE11900312B6F /* Resources */,
			);
			buildRules = (
			);
			dependencies = (
				D5B8493721ECE11900312B6F /* PBXTargetDependency */,
			);
			name = TableFoodScreenTests;
			productName = TableFoodScreenTests;
			productReference = D5B8493421ECE11900312B6F /* TableFoodScreenTests.xctest */;
			productType = "com.apple.product-type.bundle.unit-test";
		};
/* End PBXNativeTarget section */

/* Begin PBXProject section */
		D5B8492221ECE11800312B6F /* Project object */ = {
			isa = PBXProject;
			attributes = {
				LastSwiftUpdateCheck = 1010;
				LastUpgradeCheck = 1010;
				ORGANIZATIONNAME = "Valentin Šarić";
				TargetAttributes = {
					D5B8492A21ECE11800312B6F = {
						CreatedOnToolsVersion = 10.1;
					};
					D5B8493321ECE11900312B6F = {
						CreatedOnToolsVersion = 10.1;
					};
				};
			};
			buildConfigurationList = D5B8492521ECE11800312B6F /* Build configuration list for PBXProject "TableFoodScreen" */;
			compatibilityVersion = "Xcode 9.3";
			developmentRegion = en;
			hasScannedForEncodings = 0;
			knownRegions = (
				en,
			);
			mainGroup = D5B8492121ECE11800312B6F;
			productRefGroup = D5B8492C21ECE11800312B6F /* Products */;
			projectDirPath = "";
			projectReferences = (
				{
					ProductGroup = D5456A3121ECFF02002D8261 /* Products */;
					ProjectRef = D51DCEEA21ECFD0200C72147 /* SingleFoodScreen.xcodeproj */;
				},
			);
			projectRoot = "";
			targets = (
				D5B8492A21ECE11800312B6F /* TableFoodScreen */,
				D5B8493321ECE11900312B6F /* TableFoodScreenTests */,
			);
		};
/* End PBXProject section */

/* Begin PBXReferenceProxy section */
		D5456A3621ECFF02002D8261 /* SingleFoodScreen.framework */ = {
			isa = PBXReferenceProxy;
			fileType = wrapper.framework;
			path = SingleFoodScreen.framework;
			remoteRef = D5456A3521ECFF02002D8261 /* PBXContainerItemProxy */;
			sourceTree = BUILT_PRODUCTS_DIR;
		};
		D5456A3821ECFF02002D8261 /* SingleFoodScreenTests.xctest */ = {
			isa = PBXReferenceProxy;
			fileType = wrapper.cfbundle;
			path = SingleFoodScreenTests.xctest;
			remoteRef = D5456A3721ECFF02002D8261 /* PBXContainerItemProxy */;
			sourceTree = BUILT_PRODUCTS_DIR;
		};
/* End PBXReferenceProxy section */

/* Begin PBXResourcesBuildPhase section */
		D5B8492921ECE11800312B6F /* Resources */ = {
			isa = PBXResourcesBuildPhase;
			buildActionMask = 2147483647;
			files = (
			);
			runOnlyForDeploymentPostprocessing = 0;
		};
		D5B8493221ECE11900312B6F /* Resources */ = {
			isa = PBXResourcesBuildPhase;
			buildActionMask = 2147483647;
			files = (
			);
			runOnlyForDeploymentPostprocessing = 0;
		};
/* End PBXResourcesBuildPhase section */

/* Begin PBXShellScriptBuildPhase section */
		463604E9F0DC5EDBDED584AC /* [CP] Check Pods Manifest.lock */ = {
			isa = PBXShellScriptBuildPhase;
			buildActionMask = 2147483647;
			files = (
			);
			inputFileListPaths = (
			);
			inputPaths = (
				"${PODS_PODFILE_DIR_PATH}/Podfile.lock",
				"${PODS_ROOT}/Manifest.lock",
			);
			name = "[CP] Check Pods Manifest.lock";
			outputFileListPaths = (
			);
			outputPaths = (
				"$(DERIVED_FILE_DIR)/Pods-TableFoodScreen-checkManifestLockResult.txt",
			);
			runOnlyForDeploymentPostprocessing = 0;
			shellPath = /bin/sh;
			shellScript = "diff \"${PODS_PODFILE_DIR_PATH}/Podfile.lock\" \"${PODS_ROOT}/Manifest.lock\" > /dev/null\nif [ $? != 0 ] ; then\n    # print error to STDERR\n    echo \"error: The sandbox is not in sync with the Podfile.lock. Run 'pod install' or update your CocoaPods installation.\" >&2\n    exit 1\nfi\n# This output is used by Xcode 'outputs' to avoid re-running this script phase.\necho \"SUCCESS\" > \"${SCRIPT_OUTPUT_FILE_0}\"\n";
			showEnvVarsInLog = 0;
		};
/* End PBXShellScriptBuildPhase section */

/* Begin PBXSourcesBuildPhase section */
		D5B8492721ECE11800312B6F /* Sources */ = {
			isa = PBXSourcesBuildPhase;
			buildActionMask = 2147483647;
			files = (
				D5B8494F21ECE15C00312B6F /* MealViewcontrollerDelegate.swift in Sources */,
				D5B8494C21ECE15C00312B6F /* MealPresenter.swift in Sources */,
				D5B8494D21ECE15C00312B6F /* MealPresenterImpl.swift in Sources */,
				D5B8494E21ECE15C00312B6F /* MealViewController.swift in Sources */,
			);
			runOnlyForDeploymentPostprocessing = 0;
		};
		D5B8493021ECE11900312B6F /* Sources */ = {
			isa = PBXSourcesBuildPhase;
			buildActionMask = 2147483647;
			files = (
				D5B8493A21ECE11900312B6F /* TableFoodScreenTests.swift in Sources */,
			);
			runOnlyForDeploymentPostprocessing = 0;
		};
/* End PBXSourcesBuildPhase section */

/* Begin PBXTargetDependency section */
		D5B8493721ECE11900312B6F /* PBXTargetDependency */ = {
			isa = PBXTargetDependency;
			target = D5B8492A21ECE11800312B6F /* TableFoodScreen */;
			targetProxy = D5B8493621ECE11900312B6F /* PBXContainerItemProxy */;
		};
/* End PBXTargetDependency section */

/* Begin XCBuildConfiguration section */
		D5B8493D21ECE11900312B6F /* Debug */ = {
			isa = XCBuildConfiguration;
			buildSettings = {
				ALWAYS_SEARCH_USER_PATHS = NO;
				CLANG_ANALYZER_NONNULL = YES;
				CLANG_ANALYZER_NUMBER_OBJECT_CONVERSION = YES_AGGRESSIVE;
				CLANG_CXX_LANGUAGE_STANDARD = "gnu++14";
				CLANG_CXX_LIBRARY = "libc++";
				CLANG_ENABLE_MODULES = YES;
				CLANG_ENABLE_OBJC_ARC = YES;
				CLANG_ENABLE_OBJC_WEAK = YES;
				CLANG_WARN_BLOCK_CAPTURE_AUTORELEASING = YES;
				CLANG_WARN_BOOL_CONVERSION = YES;
				CLANG_WARN_COMMA = YES;
				CLANG_WARN_CONSTANT_CONVERSION = YES;
				CLANG_WARN_DEPRECATED_OBJC_IMPLEMENTATIONS = YES;
				CLANG_WARN_DIRECT_OBJC_ISA_USAGE = YES_ERROR;
				CLANG_WARN_DOCUMENTATION_COMMENTS = YES;
				CLANG_WARN_EMPTY_BODY = YES;
				CLANG_WARN_ENUM_CONVERSION = YES;
				CLANG_WARN_INFINITE_RECURSION = YES;
				CLANG_WARN_INT_CONVERSION = YES;
				CLANG_WARN_NON_LITERAL_NULL_CONVERSION = YES;
				CLANG_WARN_OBJC_IMPLICIT_RETAIN_SELF = YES;
				CLANG_WARN_OBJC_LITERAL_CONVERSION = YES;
				CLANG_WARN_OBJC_ROOT_CLASS = YES_ERROR;
				CLANG_WARN_RANGE_LOOP_ANALYSIS = YES;
				CLANG_WARN_STRICT_PROTOTYPES = YES;
				CLANG_WARN_SUSPICIOUS_MOVE = YES;
				CLANG_WARN_UNGUARDED_AVAILABILITY = YES_AGGRESSIVE;
				CLANG_WARN_UNREACHABLE_CODE = YES;
				CLANG_WARN__DUPLICATE_METHOD_MATCH = YES;
				CODE_SIGN_IDENTITY = "iPhone Developer";
				COPY_PHASE_STRIP = NO;
				CURRENT_PROJECT_VERSION = 1;
				DEBUG_INFORMATION_FORMAT = dwarf;
				ENABLE_STRICT_OBJC_MSGSEND = YES;
				ENABLE_TESTABILITY = YES;
				GCC_C_LANGUAGE_STANDARD = gnu11;
				GCC_DYNAMIC_NO_PIC = NO;
				GCC_NO_COMMON_BLOCKS = YES;
				GCC_OPTIMIZATION_LEVEL = 0;
				GCC_PREPROCESSOR_DEFINITIONS = (
					"DEBUG=1",
					"$(inherited)",
				);
				GCC_WARN_64_TO_32_BIT_CONVERSION = YES;
				GCC_WARN_ABOUT_RETURN_TYPE = YES_ERROR;
				GCC_WARN_UNDECLARED_SELECTOR = YES;
				GCC_WARN_UNINITIALIZED_AUTOS = YES_AGGRESSIVE;
				GCC_WARN_UNUSED_FUNCTION = YES;
				GCC_WARN_UNUSED_VARIABLE = YES;
				IPHONEOS_DEPLOYMENT_TARGET = 12.1;
				MTL_ENABLE_DEBUG_INFO = INCLUDE_SOURCE;
				MTL_FAST_MATH = YES;
				ONLY_ACTIVE_ARCH = YES;
				SDKROOT = iphoneos;
				SWIFT_ACTIVE_COMPILATION_CONDITIONS = DEBUG;
				SWIFT_OPTIMIZATION_LEVEL = "-Onone";
				VERSIONING_SYSTEM = "apple-generic";
				VERSION_INFO_PREFIX = "";
			};
			name = Debug;
		};
		D5B8493E21ECE11900312B6F /* Release */ = {
			isa = XCBuildConfiguration;
			buildSettings = {
				ALWAYS_SEARCH_USER_PATHS = NO;
				CLANG_ANALYZER_NONNULL = YES;
				CLANG_ANALYZER_NUMBER_OBJECT_CONVERSION = YES_AGGRESSIVE;
				CLANG_CXX_LANGUAGE_STANDARD = "gnu++14";
				CLANG_CXX_LIBRARY = "libc++";
				CLANG_ENABLE_MODULES = YES;
				CLANG_ENABLE_OBJC_ARC = YES;
				CLANG_ENABLE_OBJC_WEAK = YES;
				CLANG_WARN_BLOCK_CAPTURE_AUTORELEASING = YES;
				CLANG_WARN_BOOL_CONVERSION = YES;
				CLANG_WARN_COMMA = YES;
				CLANG_WARN_CONSTANT_CONVERSION = YES;
				CLANG_WARN_DEPRECATED_OBJC_IMPLEMENTATIONS = YES;
				CLANG_WARN_DIRECT_OBJC_ISA_USAGE = YES_ERROR;
				CLANG_WARN_DOCUMENTATION_COMMENTS = YES;
				CLANG_WARN_EMPTY_BODY = YES;
				CLANG_WARN_ENUM_CONVERSION = YES;
				CLANG_WARN_INFINITE_RECURSION = YES;
				CLANG_WARN_INT_CONVERSION = YES;
				CLANG_WARN_NON_LITERAL_NULL_CONVERSION = YES;
				CLANG_WARN_OBJC_IMPLICIT_RETAIN_SELF = YES;
				CLANG_WARN_OBJC_LITERAL_CONVERSION = YES;
				CLANG_WARN_OBJC_ROOT_CLASS = YES_ERROR;
				CLANG_WARN_RANGE_LOOP_ANALYSIS = YES;
				CLANG_WARN_STRICT_PROTOTYPES = YES;
				CLANG_WARN_SUSPICIOUS_MOVE = YES;
				CLANG_WARN_UNGUARDED_AVAILABILITY = YES_AGGRESSIVE;
				CLANG_WARN_UNREACHABLE_CODE = YES;
				CLANG_WARN__DUPLICATE_METHOD_MATCH = YES;
				CODE_SIGN_IDENTITY = "iPhone Developer";
				COPY_PHASE_STRIP = NO;
				CURRENT_PROJECT_VERSION = 1;
				DEBUG_INFORMATION_FORMAT = "dwarf-with-dsym";
				ENABLE_NS_ASSERTIONS = NO;
				ENABLE_STRICT_OBJC_MSGSEND = YES;
				GCC_C_LANGUAGE_STANDARD = gnu11;
				GCC_NO_COMMON_BLOCKS = YES;
				GCC_WARN_64_TO_32_BIT_CONVERSION = YES;
				GCC_WARN_ABOUT_RETURN_TYPE = YES_ERROR;
				GCC_WARN_UNDECLARED_SELECTOR = YES;
				GCC_WARN_UNINITIALIZED_AUTOS = YES_AGGRESSIVE;
				GCC_WARN_UNUSED_FUNCTION = YES;
				GCC_WARN_UNUSED_VARIABLE = YES;
				IPHONEOS_DEPLOYMENT_TARGET = 12.1;
				MTL_ENABLE_DEBUG_INFO = NO;
				MTL_FAST_MATH = YES;
				SDKROOT = iphoneos;
				SWIFT_COMPILATION_MODE = wholemodule;
				SWIFT_OPTIMIZATION_LEVEL = "-O";
				VALIDATE_PRODUCT = YES;
				VERSIONING_SYSTEM = "apple-generic";
				VERSION_INFO_PREFIX = "";
			};
			name = Release;
		};
		D5B8494021ECE11900312B6F /* Debug */ = {
			isa = XCBuildConfiguration;
			baseConfigurationReference = 66278C60E8CEBAD815675982 /* Pods-TableFoodScreen.debug.xcconfig */;
			buildSettings = {
				CODE_SIGN_IDENTITY = "";
				CODE_SIGN_STYLE = Automatic;
				DEFINES_MODULE = YES;
				DEVELOPMENT_TEAM = S7A874D3GJ;
				DYLIB_COMPATIBILITY_VERSION = 1;
				DYLIB_CURRENT_VERSION = 1;
				DYLIB_INSTALL_NAME_BASE = "@rpath";
				INFOPLIST_FILE = TableFoodScreen/Info.plist;
				INSTALL_PATH = "$(LOCAL_LIBRARY_DIR)/Frameworks";
				LD_RUNPATH_SEARCH_PATHS = (
					"$(inherited)",
					"@executable_path/Frameworks",
					"@loader_path/Frameworks",
				);
				PRODUCT_BUNDLE_IDENTIFIER = blue.factory.TableFoodScreen;
				PRODUCT_NAME = "$(TARGET_NAME:c99extidentifier)";
				SKIP_INSTALL = YES;
				SWIFT_VERSION = 4.2;
				TARGETED_DEVICE_FAMILY = "1,2";
			};
			name = Debug;
		};
		D5B8494121ECE11900312B6F /* Release */ = {
			isa = XCBuildConfiguration;
			baseConfigurationReference = 35FCCF9FF2C8F103C6ED0939 /* Pods-TableFoodScreen.release.xcconfig */;
			buildSettings = {
				CODE_SIGN_IDENTITY = "";
				CODE_SIGN_STYLE = Automatic;
				DEFINES_MODULE = YES;
				DEVELOPMENT_TEAM = S7A874D3GJ;
				DYLIB_COMPATIBILITY_VERSION = 1;
				DYLIB_CURRENT_VERSION = 1;
				DYLIB_INSTALL_NAME_BASE = "@rpath";
				INFOPLIST_FILE = TableFoodScreen/Info.plist;
				INSTALL_PATH = "$(LOCAL_LIBRARY_DIR)/Frameworks";
				LD_RUNPATH_SEARCH_PATHS = (
					"$(inherited)",
					"@executable_path/Frameworks",
					"@loader_path/Frameworks",
				);
				PRODUCT_BUNDLE_IDENTIFIER = blue.factory.TableFoodScreen;
				PRODUCT_NAME = "$(TARGET_NAME:c99extidentifier)";
				SKIP_INSTALL = YES;
				SWIFT_VERSION = 4.2;
				TARGETED_DEVICE_FAMILY = "1,2";
			};
			name = Release;
		};
		D5B8494321ECE11900312B6F /* Debug */ = {
			isa = XCBuildConfiguration;
			buildSettings = {
				ALWAYS_EMBED_SWIFT_STANDARD_LIBRARIES = YES;
				CODE_SIGN_STYLE = Automatic;
				DEVELOPMENT_TEAM = S7A874D3GJ;
				INFOPLIST_FILE = TableFoodScreenTests/Info.plist;
				LD_RUNPATH_SEARCH_PATHS = (
					"$(inherited)",
					"@executable_path/Frameworks",
					"@loader_path/Frameworks",
				);
				PRODUCT_BUNDLE_IDENTIFIER = blue.factory.TableFoodScreenTests;
				PRODUCT_NAME = "$(TARGET_NAME)";
				SWIFT_VERSION = 4.2;
				TARGETED_DEVICE_FAMILY = "1,2";
			};
			name = Debug;
		};
		D5B8494421ECE11900312B6F /* Release */ = {
			isa = XCBuildConfiguration;
			buildSettings = {
				ALWAYS_EMBED_SWIFT_STANDARD_LIBRARIES = YES;
				CODE_SIGN_STYLE = Automatic;
				DEVELOPMENT_TEAM = S7A874D3GJ;
				INFOPLIST_FILE = TableFoodScreenTests/Info.plist;
				LD_RUNPATH_SEARCH_PATHS = (
					"$(inherited)",
					"@executable_path/Frameworks",
					"@loader_path/Frameworks",
				);
				PRODUCT_BUNDLE_IDENTIFIER = blue.factory.TableFoodScreenTests;
				PRODUCT_NAME = "$(TARGET_NAME)";
				SWIFT_VERSION = 4.2;
				TARGETED_DEVICE_FAMILY = "1,2";
			};
			name = Release;
		};
/* End XCBuildConfiguration section */

/* Begin XCConfigurationList section */
		D5B8492521ECE11800312B6F /* Build configuration list for PBXProject "TableFoodScreen" */ = {
			isa = XCConfigurationList;
			buildConfigurations = (
				D5B8493D21ECE11900312B6F /* Debug */,
				D5B8493E21ECE11900312B6F /* Release */,
			);
			defaultConfigurationIsVisible = 0;
			defaultConfigurationName = Release;
		};
		D5B8493F21ECE11900312B6F /* Build configuration list for PBXNativeTarget "TableFoodScreen" */ = {
			isa = XCConfigurationList;
			buildConfigurations = (
				D5B8494021ECE11900312B6F /* Debug */,
				D5B8494121ECE11900312B6F /* Release */,
			);
			defaultConfigurationIsVisible = 0;
			defaultConfigurationName = Release;
		};
		D5B8494221ECE11900312B6F /* Build configuration list for PBXNativeTarget "TableFoodScreenTests" */ = {
			isa = XCConfigurationList;
			buildConfigurations = (
				D5B8494321ECE11900312B6F /* Debug */,
				D5B8494421ECE11900312B6F /* Release */,
			);
			defaultConfigurationIsVisible = 0;
			defaultConfigurationName = Release;
		};
/* End XCConfigurationList section */
	};
	rootObject = D5B8492221ECE11800312B6F /* Project object */;
}
