// !$*UTF8*$!
{
	archiveVersion = 1;
	classes = {
	};
	objectVersion = 50;
	objects = {

/* Begin PBXBuildFile section */
		D51DCEDB21ECFCBC00C72147 /* UtilsPods.framework in Frameworks */ = {isa = PBXBuildFile; fileRef = D51DCEDA21ECFCBC00C72147 /* UtilsPods.framework */; };
		D51DCEDC21ECFCBC00C72147 /* UtilsPods.framework in Embed Frameworks */ = {isa = PBXBuildFile; fileRef = D51DCEDA21ECFCBC00C72147 /* UtilsPods.framework */; settings = {ATTRIBUTES = (CodeSignOnCopy, RemoveHeadersOnCopy, ); }; };
		D51DCEDE21ECFCC100C72147 /* Shared.framework in Frameworks */ = {isa = PBXBuildFile; fileRef = D51DCEDD21ECFCC100C72147 /* Shared.framework */; };
		D51DCEDF21ECFCC100C72147 /* Shared.framework in Embed Frameworks */ = {isa = PBXBuildFile; fileRef = D51DCEDD21ECFCC100C72147 /* Shared.framework */; settings = {ATTRIBUTES = (CodeSignOnCopy, RemoveHeadersOnCopy, ); }; };
		D51DCEE121ECFCC500C72147 /* SingleFoodScreen.framework in Frameworks */ = {isa = PBXBuildFile; fileRef = D51DCEE021ECFCC500C72147 /* SingleFoodScreen.framework */; };
		D51DCEE221ECFCC500C72147 /* SingleFoodScreen.framework in Embed Frameworks */ = {isa = PBXBuildFile; fileRef = D51DCEE021ECFCC500C72147 /* SingleFoodScreen.framework */; settings = {ATTRIBUTES = (CodeSignOnCopy, RemoveHeadersOnCopy, ); }; };
		D51DCEE421ECFCC700C72147 /* TableFoodScreen.framework in Frameworks */ = {isa = PBXBuildFile; fileRef = D51DCEE321ECFCC700C72147 /* TableFoodScreen.framework */; };
		D51DCEE521ECFCC700C72147 /* TableFoodScreen.framework in Embed Frameworks */ = {isa = PBXBuildFile; fileRef = D51DCEE321ECFCC700C72147 /* TableFoodScreen.framework */; settings = {ATTRIBUTES = (CodeSignOnCopy, RemoveHeadersOnCopy, ); }; };
		D52B267A217375CD00CD5594 /* AppDelegate.swift in Sources */ = {isa = PBXBuildFile; fileRef = D52B2679217375CD00CD5594 /* AppDelegate.swift */; };
		D52B2681217375CE00CD5594 /* Assets.xcassets in Resources */ = {isa = PBXBuildFile; fileRef = D52B2680217375CE00CD5594 /* Assets.xcassets */; };
		D52B268F217375CE00CD5594 /* FoodAppTests.swift in Sources */ = {isa = PBXBuildFile; fileRef = D52B268E217375CE00CD5594 /* FoodAppTests.swift */; };
		D5456A3C21ED0134002D8261 /* Pods_FoodApp.framework in Frameworks */ = {isa = PBXBuildFile; fileRef = 92FF39D17100A9E333D2C7B3 /* Pods_FoodApp.framework */; };
		D5456A3D21ED0134002D8261 /* Pods_FoodApp.framework in Embed Frameworks */ = {isa = PBXBuildFile; fileRef = 92FF39D17100A9E333D2C7B3 /* Pods_FoodApp.framework */; settings = {ATTRIBUTES = (CodeSignOnCopy, RemoveHeadersOnCopy, ); }; };
/* End PBXBuildFile section */

/* Begin PBXContainerItemProxy section */
		D52B268B217375CE00CD5594 /* PBXContainerItemProxy */ = {
			isa = PBXContainerItemProxy;
			containerPortal = D52B266E217375CD00CD5594 /* Project object */;
			proxyType = 1;
			remoteGlobalIDString = D52B2675217375CD00CD5594;
			remoteInfo = FoodApp;
		};
/* End PBXContainerItemProxy section */

/* Begin PBXCopyFilesBuildPhase section */
		D521C2CF21ECC6BA00FB2BCE /* Embed Frameworks */ = {
			isa = PBXCopyFilesBuildPhase;
			buildActionMask = 2147483647;
			dstPath = "";
			dstSubfolderSpec = 10;
			files = (
				D5456A3D21ED0134002D8261 /* Pods_FoodApp.framework in Embed Frameworks */,
				D51DCEDC21ECFCBC00C72147 /* UtilsPods.framework in Embed Frameworks */,
				D51DCEE521ECFCC700C72147 /* TableFoodScreen.framework in Embed Frameworks */,
				D51DCEE221ECFCC500C72147 /* SingleFoodScreen.framework in Embed Frameworks */,
				D51DCEDF21ECFCC100C72147 /* Shared.framework in Embed Frameworks */,
			);
			name = "Embed Frameworks";
			runOnlyForDeploymentPostprocessing = 0;
		};
		D57620B621ECB918006740AD /* Embed PlugIns */ = {
			isa = PBXCopyFilesBuildPhase;
			buildActionMask = 2147483647;
			dstPath = "";
			dstSubfolderSpec = 13;
			files = (
			);
			name = "Embed PlugIns";
			runOnlyForDeploymentPostprocessing = 0;
		};
/* End PBXCopyFilesBuildPhase section */

/* Begin PBXFileReference section */
		79B996F4141FEED70D420195 /* Pods-FoodApp.debug.xcconfig */ = {isa = PBXFileReference; includeInIndex = 1; lastKnownFileType = text.xcconfig; name = "Pods-FoodApp.debug.xcconfig"; path = "Pods/Target Support Files/Pods-FoodApp/Pods-FoodApp.debug.xcconfig"; sourceTree = "<group>"; };
		92FF39D17100A9E333D2C7B3 /* Pods_FoodApp.framework */ = {isa = PBXFileReference; explicitFileType = wrapper.framework; includeInIndex = 0; path = Pods_FoodApp.framework; sourceTree = BUILT_PRODUCTS_DIR; };
		D51DCED221ECFC7B00C72147 /* UtilsPods.framework */ = {isa = PBXFileReference; explicitFileType = wrapper.framework; path = UtilsPods.framework; sourceTree = BUILT_PRODUCTS_DIR; };
		D51DCED421ECFC9100C72147 /* Shared.framework */ = {isa = PBXFileReference; explicitFileType = wrapper.framework; path = Shared.framework; sourceTree = BUILT_PRODUCTS_DIR; };
		D51DCED621ECFC9900C72147 /* SingleFoodScreen.framework */ = {isa = PBXFileReference; explicitFileType = wrapper.framework; path = SingleFoodScreen.framework; sourceTree = BUILT_PRODUCTS_DIR; };
		D51DCED821ECFC9E00C72147 /* TableFoodScreen.framework */ = {isa = PBXFileReference; explicitFileType = wrapper.framework; path = TableFoodScreen.framework; sourceTree = BUILT_PRODUCTS_DIR; };
		D51DCEDA21ECFCBC00C72147 /* UtilsPods.framework */ = {isa = PBXFileReference; explicitFileType = wrapper.framework; path = UtilsPods.framework; sourceTree = BUILT_PRODUCTS_DIR; };
		D51DCEDD21ECFCC100C72147 /* Shared.framework */ = {isa = PBXFileReference; explicitFileType = wrapper.framework; path = Shared.framework; sourceTree = BUILT_PRODUCTS_DIR; };
		D51DCEE021ECFCC500C72147 /* SingleFoodScreen.framework */ = {isa = PBXFileReference; explicitFileType = wrapper.framework; path = SingleFoodScreen.framework; sourceTree = BUILT_PRODUCTS_DIR; };
		D51DCEE321ECFCC700C72147 /* TableFoodScreen.framework */ = {isa = PBXFileReference; explicitFileType = wrapper.framework; path = TableFoodScreen.framework; sourceTree = BUILT_PRODUCTS_DIR; };
		D52B2676217375CD00CD5594 /* FoodApp.app */ = {isa = PBXFileReference; explicitFileType = wrapper.application; includeInIndex = 0; path = FoodApp.app; sourceTree = BUILT_PRODUCTS_DIR; };
		D52B2679217375CD00CD5594 /* AppDelegate.swift */ = {isa = PBXFileReference; lastKnownFileType = sourcecode.swift; path = AppDelegate.swift; sourceTree = "<group>"; };
		D52B2680217375CE00CD5594 /* Assets.xcassets */ = {isa = PBXFileReference; lastKnownFileType = folder.assetcatalog; path = Assets.xcassets; sourceTree = "<group>"; };
		D52B2685217375CE00CD5594 /* Info.plist */ = {isa = PBXFileReference; lastKnownFileType = text.plist.xml; path = Info.plist; sourceTree = "<group>"; };
		D52B268A217375CE00CD5594 /* FoodAppTests.xctest */ = {isa = PBXFileReference; explicitFileType = wrapper.cfbundle; includeInIndex = 0; path = FoodAppTests.xctest; sourceTree = BUILT_PRODUCTS_DIR; };
		D52B268E217375CE00CD5594 /* FoodAppTests.swift */ = {isa = PBXFileReference; lastKnownFileType = sourcecode.swift; path = FoodAppTests.swift; sourceTree = "<group>"; };
		D52B2690217375CE00CD5594 /* Info.plist */ = {isa = PBXFileReference; lastKnownFileType = text.plist.xml; path = Info.plist; sourceTree = "<group>"; };
		FA5294B5A4D3DA897FAB6871 /* Pods-FoodApp.release.xcconfig */ = {isa = PBXFileReference; includeInIndex = 1; lastKnownFileType = text.xcconfig; name = "Pods-FoodApp.release.xcconfig"; path = "Pods/Target Support Files/Pods-FoodApp/Pods-FoodApp.release.xcconfig"; sourceTree = "<group>"; };
/* End PBXFileReference section */

/* Begin PBXFrameworksBuildPhase section */
		D52B2673217375CD00CD5594 /* Frameworks */ = {
			isa = PBXFrameworksBuildPhase;
			buildActionMask = 2147483647;
			files = (
				D5456A3C21ED0134002D8261 /* Pods_FoodApp.framework in Frameworks */,
				D51DCEDB21ECFCBC00C72147 /* UtilsPods.framework in Frameworks */,
				D51DCEE421ECFCC700C72147 /* TableFoodScreen.framework in Frameworks */,
				D51DCEE121ECFCC500C72147 /* SingleFoodScreen.framework in Frameworks */,
				D51DCEDE21ECFCC100C72147 /* Shared.framework in Frameworks */,
			);
			runOnlyForDeploymentPostprocessing = 0;
		};
		D52B2687217375CE00CD5594 /* Frameworks */ = {
			isa = PBXFrameworksBuildPhase;
			buildActionMask = 2147483647;
			files = (
			);
			runOnlyForDeploymentPostprocessing = 0;
		};
/* End PBXFrameworksBuildPhase section */

/* Begin PBXGroup section */
		9939BFCECA746E6AB87D86DD /* Pods */ = {
			isa = PBXGroup;
			children = (
				79B996F4141FEED70D420195 /* Pods-FoodApp.debug.xcconfig */,
				FA5294B5A4D3DA897FAB6871 /* Pods-FoodApp.release.xcconfig */,
			);
			name = Pods;
			sourceTree = "<group>";
		};
		D52B266D217375CD00CD5594 = {
			isa = PBXGroup;
			children = (
				D51DCEE321ECFCC700C72147 /* TableFoodScreen.framework */,
				D51DCEE021ECFCC500C72147 /* SingleFoodScreen.framework */,
				D51DCEDD21ECFCC100C72147 /* Shared.framework */,
				D51DCEDA21ECFCBC00C72147 /* UtilsPods.framework */,
				D52B2678217375CD00CD5594 /* FoodApp */,
				D52B268D217375CE00CD5594 /* FoodAppTests */,
				D52B2677217375CD00CD5594 /* Products */,
				9939BFCECA746E6AB87D86DD /* Pods */,
				E02F80BC5423C02927424465 /* Frameworks */,
			);
			sourceTree = "<group>";
		};
		D52B2677217375CD00CD5594 /* Products */ = {
			isa = PBXGroup;
			children = (
				D52B2676217375CD00CD5594 /* FoodApp.app */,
				D52B268A217375CE00CD5594 /* FoodAppTests.xctest */,
			);
			name = Products;
			sourceTree = "<group>";
		};
		D52B2678217375CD00CD5594 /* FoodApp */ = {
			isa = PBXGroup;
			children = (
				D52B2680217375CE00CD5594 /* Assets.xcassets */,
				D52B2679217375CD00CD5594 /* AppDelegate.swift */,
				D52B2685217375CE00CD5594 /* Info.plist */,
			);
			path = FoodApp;
			sourceTree = "<group>";
		};
		D52B268D217375CE00CD5594 /* FoodAppTests */ = {
			isa = PBXGroup;
			children = (
				D52B268E217375CE00CD5594 /* FoodAppTests.swift */,
				D52B2690217375CE00CD5594 /* Info.plist */,
			);
			path = FoodAppTests;
			sourceTree = "<group>";
		};
		E02F80BC5423C02927424465 /* Frameworks */ = {
			isa = PBXGroup;
			children = (
				92FF39D17100A9E333D2C7B3 /* Pods_FoodApp.framework */,
				D51DCED221ECFC7B00C72147 /* UtilsPods.framework */,
				D51DCED421ECFC9100C72147 /* Shared.framework */,
				D51DCED621ECFC9900C72147 /* SingleFoodScreen.framework */,
				D51DCED821ECFC9E00C72147 /* TableFoodScreen.framework */,
			);
			name = Frameworks;
			sourceTree = "<group>";
		};
/* End PBXGroup section */

/* Begin PBXNativeTarget section */
		D52B2675217375CD00CD5594 /* FoodApp */ = {
			isa = PBXNativeTarget;
			buildConfigurationList = D52B2693217375CE00CD5594 /* Build configuration list for PBXNativeTarget "FoodApp" */;
			buildPhases = (
				43A7D06F8CA7FA23764D485C /* [CP] Check Pods Manifest.lock */,
				D52B2672217375CD00CD5594 /* Sources */,
				D52B2673217375CD00CD5594 /* Frameworks */,
				D52B2674217375CD00CD5594 /* Resources */,
				D57620B621ECB918006740AD /* Embed PlugIns */,
				D521C2CF21ECC6BA00FB2BCE /* Embed Frameworks */,
			);
			buildRules = (
			);
			dependencies = (
			);
			name = FoodApp;
			productName = FoodApp;
			productReference = D52B2676217375CD00CD5594 /* FoodApp.app */;
			productType = "com.apple.product-type.application";
		};
		D52B2689217375CE00CD5594 /* FoodAppTests */ = {
			isa = PBXNativeTarget;
			buildConfigurationList = D52B2696217375CE00CD5594 /* Build configuration list for PBXNativeTarget "FoodAppTests" */;
			buildPhases = (
				D52B2686217375CE00CD5594 /* Sources */,
				D52B2687217375CE00CD5594 /* Frameworks */,
				D52B2688217375CE00CD5594 /* Resources */,
			);
			buildRules = (
			);
			dependencies = (
				D52B268C217375CE00CD5594 /* PBXTargetDependency */,
			);
			name = FoodAppTests;
			productName = FoodAppTests;
			productReference = D52B268A217375CE00CD5594 /* FoodAppTests.xctest */;
			productType = "com.apple.product-type.bundle.unit-test";
		};
/* End PBXNativeTarget section */

/* Begin PBXProject section */
		D52B266E217375CD00CD5594 /* Project object */ = {
			isa = PBXProject;
			attributes = {
				LastSwiftUpdateCheck = 0940;
				LastUpgradeCheck = 0940;
				ORGANIZATIONNAME = "Valentin Šarić";
				TargetAttributes = {
					D52B2675217375CD00CD5594 = {
						CreatedOnToolsVersion = 9.4.1;
					};
					D52B2689217375CE00CD5594 = {
						CreatedOnToolsVersion = 9.4.1;
						TestTargetID = D52B2675217375CD00CD5594;
					};
				};
			};
			buildConfigurationList = D52B2671217375CD00CD5594 /* Build configuration list for PBXProject "FoodApp" */;
			compatibilityVersion = "Xcode 9.3";
			developmentRegion = en;
			hasScannedForEncodings = 0;
			knownRegions = (
				en,
				Base,
			);
			mainGroup = D52B266D217375CD00CD5594;
			productRefGroup = D52B2677217375CD00CD5594 /* Products */;
			projectDirPath = "";
			projectRoot = "";
			targets = (
				D52B2675217375CD00CD5594 /* FoodApp */,
				D52B2689217375CE00CD5594 /* FoodAppTests */,
			);
		};
/* End PBXProject section */

/* Begin PBXResourcesBuildPhase section */
		D52B2674217375CD00CD5594 /* Resources */ = {
			isa = PBXResourcesBuildPhase;
			buildActionMask = 2147483647;
			files = (
				D52B2681217375CE00CD5594 /* Assets.xcassets in Resources */,
			);
			runOnlyForDeploymentPostprocessing = 0;
		};
		D52B2688217375CE00CD5594 /* Resources */ = {
			isa = PBXResourcesBuildPhase;
			buildActionMask = 2147483647;
			files = (
			);
			runOnlyForDeploymentPostprocessing = 0;
		};
/* End PBXResourcesBuildPhase section */

/* Begin PBXShellScriptBuildPhase section */
		43A7D06F8CA7FA23764D485C /* [CP] Check Pods Manifest.lock */ = {
			isa = PBXShellScriptBuildPhase;
			buildActionMask = 2147483647;
			files = (
			);
			inputFileListPaths = (
			);
			inputPaths = (
				"${PODS_PODFILE_DIR_PATH}/Podfile.lock",
				"${PODS_ROOT}/Manifest.lock",
			);
			name = "[CP] Check Pods Manifest.lock";
			outputFileListPaths = (
			);
			outputPaths = (
				"$(DERIVED_FILE_DIR)/Pods-FoodApp-checkManifestLockResult.txt",
			);
			runOnlyForDeploymentPostprocessing = 0;
			shellPath = /bin/sh;
			shellScript = "diff \"${PODS_PODFILE_DIR_PATH}/Podfile.lock\" \"${PODS_ROOT}/Manifest.lock\" > /dev/null\nif [ $? != 0 ] ; then\n    # print error to STDERR\n    echo \"error: The sandbox is not in sync with the Podfile.lock. Run 'pod install' or update your CocoaPods installation.\" >&2\n    exit 1\nfi\n# This output is used by Xcode 'outputs' to avoid re-running this script phase.\necho \"SUCCESS\" > \"${SCRIPT_OUTPUT_FILE_0}\"\n";
			showEnvVarsInLog = 0;
		};
/* End PBXShellScriptBuildPhase section */

/* Begin PBXSourcesBuildPhase section */
		D52B2672217375CD00CD5594 /* Sources */ = {
			isa = PBXSourcesBuildPhase;
			buildActionMask = 2147483647;
			files = (
				D52B267A217375CD00CD5594 /* AppDelegate.swift in Sources */,
			);
			runOnlyForDeploymentPostprocessing = 0;
		};
		D52B2686217375CE00CD5594 /* Sources */ = {
			isa = PBXSourcesBuildPhase;
			buildActionMask = 2147483647;
			files = (
				D52B268F217375CE00CD5594 /* FoodAppTests.swift in Sources */,
			);
			runOnlyForDeploymentPostprocessing = 0;
		};
/* End PBXSourcesBuildPhase section */

/* Begin PBXTargetDependency section */
		D52B268C217375CE00CD5594 /* PBXTargetDependency */ = {
			isa = PBXTargetDependency;
			target = D52B2675217375CD00CD5594 /* FoodApp */;
			targetProxy = D52B268B217375CE00CD5594 /* PBXContainerItemProxy */;
		};
/* End PBXTargetDependency section */

/* Begin XCBuildConfiguration section */
		D52B2691217375CE00CD5594 /* Debug */ = {
			isa = XCBuildConfiguration;
			buildSettings = {
				ALWAYS_SEARCH_USER_PATHS = NO;
				CLANG_ANALYZER_NONNULL = YES;
				CLANG_ANALYZER_NUMBER_OBJECT_CONVERSION = YES_AGGRESSIVE;
				CLANG_CXX_LANGUAGE_STANDARD = "gnu++14";
				CLANG_CXX_LIBRARY = "libc++";
				CLANG_ENABLE_MODULES = YES;
				CLANG_ENABLE_OBJC_ARC = YES;
				CLANG_ENABLE_OBJC_WEAK = YES;
				CLANG_WARN_BLOCK_CAPTURE_AUTORELEASING = YES;
				CLANG_WARN_BOOL_CONVERSION = YES;
				CLANG_WARN_COMMA = YES;
				CLANG_WARN_CONSTANT_CONVERSION = YES;
				CLANG_WARN_DEPRECATED_OBJC_IMPLEMENTATIONS = YES;
				CLANG_WARN_DIRECT_OBJC_ISA_USAGE = YES_ERROR;
				CLANG_WARN_DOCUMENTATION_COMMENTS = YES;
				CLANG_WARN_EMPTY_BODY = YES;
				CLANG_WARN_ENUM_CONVERSION = YES;
				CLANG_WARN_INFINITE_RECURSION = YES;
				CLANG_WARN_INT_CONVERSION = YES;
				CLANG_WARN_NON_LITERAL_NULL_CONVERSION = YES;
				CLANG_WARN_OBJC_IMPLICIT_RETAIN_SELF = YES;
				CLANG_WARN_OBJC_LITERAL_CONVERSION = YES;
				CLANG_WARN_OBJC_ROOT_CLASS = YES_ERROR;
				CLANG_WARN_RANGE_LOOP_ANALYSIS = YES;
				CLANG_WARN_STRICT_PROTOTYPES = YES;
				CLANG_WARN_SUSPICIOUS_MOVE = YES;
				CLANG_WARN_UNGUARDED_AVAILABILITY = YES_AGGRESSIVE;
				CLANG_WARN_UNREACHABLE_CODE = YES;
				CLANG_WARN__DUPLICATE_METHOD_MATCH = YES;
				CODE_SIGN_IDENTITY = "iPhone Developer";
				COPY_PHASE_STRIP = NO;
				DEBUG_INFORMATION_FORMAT = dwarf;
				ENABLE_STRICT_OBJC_MSGSEND = YES;
				ENABLE_TESTABILITY = YES;
				GCC_C_LANGUAGE_STANDARD = gnu11;
				GCC_DYNAMIC_NO_PIC = NO;
				GCC_NO_COMMON_BLOCKS = YES;
				GCC_OPTIMIZATION_LEVEL = 0;
				GCC_PREPROCESSOR_DEFINITIONS = (
					"DEBUG=1",
					"$(inherited)",
				);
				GCC_WARN_64_TO_32_BIT_CONVERSION = YES;
				GCC_WARN_ABOUT_RETURN_TYPE = YES_ERROR;
				GCC_WARN_UNDECLARED_SELECTOR = YES;
				GCC_WARN_UNINITIALIZED_AUTOS = YES_AGGRESSIVE;
				GCC_WARN_UNUSED_FUNCTION = YES;
				GCC_WARN_UNUSED_VARIABLE = YES;
				IPHONEOS_DEPLOYMENT_TARGET = 12.1;
				MTL_ENABLE_DEBUG_INFO = YES;
				ONLY_ACTIVE_ARCH = YES;
				SDKROOT = iphoneos;
				SWIFT_ACTIVE_COMPILATION_CONDITIONS = DEBUG;
				SWIFT_OPTIMIZATION_LEVEL = "-Onone";
			};
			name = Debug;
		};
		D52B2692217375CE00CD5594 /* Release */ = {
			isa = XCBuildConfiguration;
			buildSettings = {
				ALWAYS_SEARCH_USER_PATHS = NO;
				CLANG_ANALYZER_NONNULL = YES;
				CLANG_ANALYZER_NUMBER_OBJECT_CONVERSION = YES_AGGRESSIVE;
				CLANG_CXX_LANGUAGE_STANDARD = "gnu++14";
				CLANG_CXX_LIBRARY = "libc++";
				CLANG_ENABLE_MODULES = YES;
				CLANG_ENABLE_OBJC_ARC = YES;
				CLANG_ENABLE_OBJC_WEAK = YES;
				CLANG_WARN_BLOCK_CAPTURE_AUTORELEASING = YES;
				CLANG_WARN_BOOL_CONVERSION = YES;
				CLANG_WARN_COMMA = YES;
				CLANG_WARN_CONSTANT_CONVERSION = YES;
				CLANG_WARN_DEPRECATED_OBJC_IMPLEMENTATIONS = YES;
				CLANG_WARN_DIRECT_OBJC_ISA_USAGE = YES_ERROR;
				CLANG_WARN_DOCUMENTATION_COMMENTS = YES;
				CLANG_WARN_EMPTY_BODY = YES;
				CLANG_WARN_ENUM_CONVERSION = YES;
				CLANG_WARN_INFINITE_RECURSION = YES;
				CLANG_WARN_INT_CONVERSION = YES;
				CLANG_WARN_NON_LITERAL_NULL_CONVERSION = YES;
				CLANG_WARN_OBJC_IMPLICIT_RETAIN_SELF = YES;
				CLANG_WARN_OBJC_LITERAL_CONVERSION = YES;
				CLANG_WARN_OBJC_ROOT_CLASS = YES_ERROR;
				CLANG_WARN_RANGE_LOOP_ANALYSIS = YES;
				CLANG_WARN_STRICT_PROTOTYPES = YES;
				CLANG_WARN_SUSPICIOUS_MOVE = YES;
				CLANG_WARN_UNGUARDED_AVAILABILITY = YES_AGGRESSIVE;
				CLANG_WARN_UNREACHABLE_CODE = YES;
				CLANG_WARN__DUPLICATE_METHOD_MATCH = YES;
				CODE_SIGN_IDENTITY = "iPhone Developer";
				COPY_PHASE_STRIP = NO;
				DEBUG_INFORMATION_FORMAT = "dwarf-with-dsym";
				ENABLE_NS_ASSERTIONS = NO;
				ENABLE_STRICT_OBJC_MSGSEND = YES;
				GCC_C_LANGUAGE_STANDARD = gnu11;
				GCC_NO_COMMON_BLOCKS = YES;
				GCC_WARN_64_TO_32_BIT_CONVERSION = YES;
				GCC_WARN_ABOUT_RETURN_TYPE = YES_ERROR;
				GCC_WARN_UNDECLARED_SELECTOR = YES;
				GCC_WARN_UNINITIALIZED_AUTOS = YES_AGGRESSIVE;
				GCC_WARN_UNUSED_FUNCTION = YES;
				GCC_WARN_UNUSED_VARIABLE = YES;
				IPHONEOS_DEPLOYMENT_TARGET = 12.1;
				MTL_ENABLE_DEBUG_INFO = NO;
				SDKROOT = iphoneos;
				SWIFT_COMPILATION_MODE = wholemodule;
				SWIFT_OPTIMIZATION_LEVEL = "-O";
				VALIDATE_PRODUCT = YES;
			};
			name = Release;
		};
		D52B2694217375CE00CD5594 /* Debug */ = {
			isa = XCBuildConfiguration;
			baseConfigurationReference = 79B996F4141FEED70D420195 /* Pods-FoodApp.debug.xcconfig */;
			buildSettings = {
				ASSETCATALOG_COMPILER_APPICON_NAME = AppIcon;
				CODE_SIGN_STYLE = Automatic;
				INFOPLIST_FILE = FoodApp/Info.plist;
				IPHONEOS_DEPLOYMENT_TARGET = 12.1;
				LD_RUNPATH_SEARCH_PATHS = (
					"$(inherited)",
					"@executable_path/Frameworks",
				);
				PRODUCT_BUNDLE_IDENTIFIER = plava.tvornica.FoodApp;
				PRODUCT_NAME = "$(TARGET_NAME)";
				SWIFT_VERSION = 4.0;
				TARGETED_DEVICE_FAMILY = "1,2";
			};
			name = Debug;
		};
		D52B2695217375CE00CD5594 /* Release */ = {
			isa = XCBuildConfiguration;
			baseConfigurationReference = FA5294B5A4D3DA897FAB6871 /* Pods-FoodApp.release.xcconfig */;
			buildSettings = {
				ASSETCATALOG_COMPILER_APPICON_NAME = AppIcon;
				CODE_SIGN_STYLE = Automatic;
				INFOPLIST_FILE = FoodApp/Info.plist;
				IPHONEOS_DEPLOYMENT_TARGET = 12.1;
				LD_RUNPATH_SEARCH_PATHS = (
					"$(inherited)",
					"@executable_path/Frameworks",
				);
				PRODUCT_BUNDLE_IDENTIFIER = plava.tvornica.FoodApp;
				PRODUCT_NAME = "$(TARGET_NAME)";
				SWIFT_VERSION = 4.0;
				TARGETED_DEVICE_FAMILY = "1,2";
			};
			name = Release;
		};
		D52B2697217375CE00CD5594 /* Debug */ = {
			isa = XCBuildConfiguration;
			buildSettings = {
				ALWAYS_EMBED_SWIFT_STANDARD_LIBRARIES = YES;
				BUNDLE_LOADER = "$(TEST_HOST)";
				CODE_SIGN_STYLE = Automatic;
				INFOPLIST_FILE = FoodAppTests/Info.plist;
				LD_RUNPATH_SEARCH_PATHS = (
					"$(inherited)",
					"@executable_path/Frameworks",
					"@loader_path/Frameworks",
				);
				PRODUCT_BUNDLE_IDENTIFIER = plava.tvornica.FoodAppTests;
				PRODUCT_NAME = "$(TARGET_NAME)";
				SWIFT_VERSION = 4.0;
				TARGETED_DEVICE_FAMILY = "1,2";
				TEST_HOST = "$(BUILT_PRODUCTS_DIR)/FoodApp.app/FoodApp";
			};
			name = Debug;
		};
		D52B2698217375CE00CD5594 /* Release */ = {
			isa = XCBuildConfiguration;
			buildSettings = {
				ALWAYS_EMBED_SWIFT_STANDARD_LIBRARIES = YES;
				BUNDLE_LOADER = "$(TEST_HOST)";
				CODE_SIGN_STYLE = Automatic;
				INFOPLIST_FILE = FoodAppTests/Info.plist;
				LD_RUNPATH_SEARCH_PATHS = (
					"$(inherited)",
					"@executable_path/Frameworks",
					"@loader_path/Frameworks",
				);
				PRODUCT_BUNDLE_IDENTIFIER = plava.tvornica.FoodAppTests;
				PRODUCT_NAME = "$(TARGET_NAME)";
				SWIFT_VERSION = 4.0;
				TARGETED_DEVICE_FAMILY = "1,2";
				TEST_HOST = "$(BUILT_PRODUCTS_DIR)/FoodApp.app/FoodApp";
			};
			name = Release;
		};
/* End XCBuildConfiguration section */

/* Begin XCConfigurationList section */
		D52B2671217375CD00CD5594 /* Build configuration list for PBXProject "FoodApp" */ = {
			isa = XCConfigurationList;
			buildConfigurations = (
				D52B2691217375CE00CD5594 /* Debug */,
				D52B2692217375CE00CD5594 /* Release */,
			);
			defaultConfigurationIsVisible = 0;
			defaultConfigurationName = Release;
		};
		D52B2693217375CE00CD5594 /* Build configuration list for PBXNativeTarget "FoodApp" */ = {
			isa = XCConfigurationList;
			buildConfigurations = (
				D52B2694217375CE00CD5594 /* Debug */,
				D52B2695217375CE00CD5594 /* Release */,
			);
			defaultConfigurationIsVisible = 0;
			defaultConfigurationName = Release;
		};
		D52B2696217375CE00CD5594 /* Build configuration list for PBXNativeTarget "FoodAppTests" */ = {
			isa = XCConfigurationList;
			buildConfigurations = (
				D52B2697217375CE00CD5594 /* Debug */,
				D52B2698217375CE00CD5594 /* Release */,
			);
			defaultConfigurationIsVisible = 0;
			defaultConfigurationName = Release;
		};
/* End XCConfigurationList section */
	};
	rootObject = D52B266E217375CD00CD5594 /* Project object */;
}
